
Microsoft Visual Studio Solution File, Format Version 12.00
# Visual Studio Version 16
VisualStudioVersion = 16.0.30804.86
MinimumVisualStudioVersion = 10.0.40219.1
Project("{FAE04EC0-301F-11D3-BF4B-00C04F79EFBC}") = "ViFEM", "ViFEM\ViFEM.csproj", "{472E8A81-4DC1-440B-B568-02B0FE8CCDF5}"
EndProject
Global
	GlobalSection(SolutionConfigurationPlatforms) = preSolution
		Debug|Any CPU = Debug|Any CPU
		Release|Any CPU = Release|Any CPU
	EndGlobalSection
	GlobalSection(ProjectConfigurationPlatforms) = postSolution
		{472E8A81-4DC1-440B-B568-02B0FE8CCDF5}.Debug|Any CPU.ActiveCfg = Debug|Any CPU
		{472E8A81-4DC1-440B-B568-02B0FE8CCDF5}.Debug|Any CPU.Build.0 = Debug|Any CPU
		{472E8A81-4DC1-440B-B568-02B0FE8CCDF5}.Release|Any CPU.ActiveCfg = Release|Any CPU
		{472E8A81-4DC1-440B-B568-02B0FE8CCDF5}.Release|Any CPU.Build.0 = Release|Any CPU
	EndGlobalSection
	GlobalSection(SolutionProperties) = preSolution
		HideSolutionNode = FALSE
	EndGlobalSection
	GlobalSection(ExtensibilityGlobals) = postSolution
		SolutionGuid = {1AD9DF5D-5B3E-466E-99EB-52C46DDD8D80}
	EndGlobalSection
EndGlobal
